// !$*UTF8*$!
{
	archiveVersion = 1;
	classes = {
	};
	objectVersion = 50;
	objects = {

/* Begin PBXBuildFile section */
		1F58BF0A212F7AD9000BE649 /* ApplePS2KeyboardDevice.cpp in Sources */ = {isa = PBXBuildFile; fileRef = 1F58BF00212F7AD8000BE649 /* ApplePS2KeyboardDevice.cpp */; };
		1F58BF0B212F7AD9000BE649 /* ApplePS2MouseDevice.h in Headers */ = {isa = PBXBuildFile; fileRef = 1F58BF01212F7AD8000BE649 /* ApplePS2MouseDevice.h */; };
		1F58BF0C212F7AD9000BE649 /* ApplePS2Controller.cpp in Sources */ = {isa = PBXBuildFile; fileRef = 1F58BF02212F7AD8000BE649 /* ApplePS2Controller.cpp */; };
		1F58BF0D212F7AD9000BE649 /* ApplePS2KeyboardDevice.h in Headers */ = {isa = PBXBuildFile; fileRef = 1F58BF03212F7AD8000BE649 /* ApplePS2KeyboardDevice.h */; };
		1F58BF0E212F7AD9000BE649 /* ApplePS2MouseDevice.cpp in Sources */ = {isa = PBXBuildFile; fileRef = 1F58BF04212F7AD8000BE649 /* ApplePS2MouseDevice.cpp */; };
		1F58BF0F212F7AD9000BE649 /* ApplePS2Controller.h in Headers */ = {isa = PBXBuildFile; fileRef = 1F58BF05212F7AD8000BE649 /* ApplePS2Controller.h */; };
		1F58BF10212F7AD9000BE649 /* ApplePS2Device.h in Headers */ = {isa = PBXBuildFile; fileRef = 1F58BF06212F7AD8000BE649 /* ApplePS2Device.h */; };
		1F58BF11212F7AD9000BE649 /* InfoPlist.strings in Resources */ = {isa = PBXBuildFile; fileRef = 1F58BF08212F7AD9000BE649 /* InfoPlist.strings */; };
/* End PBXBuildFile section */

/* Begin PBXFileReference section */
		1F3A6651212F7A9300C17787 /* ApplePS2Controller.kext */ = {isa = PBXFileReference; explicitFileType = wrapper.cfbundle; includeInIndex = 0; path = ApplePS2Controller.kext; sourceTree = BUILT_PRODUCTS_DIR; };
		1F58BF00212F7AD8000BE649 /* ApplePS2KeyboardDevice.cpp */ = {isa = PBXFileReference; fileEncoding = 4; lastKnownFileType = sourcecode.cpp.cpp; path = ApplePS2KeyboardDevice.cpp; sourceTree = "<group>"; };
		1F58BF01212F7AD8000BE649 /* ApplePS2MouseDevice.h */ = {isa = PBXFileReference; fileEncoding = 4; lastKnownFileType = sourcecode.c.h; path = ApplePS2MouseDevice.h; sourceTree = "<group>"; };
		1F58BF02212F7AD8000BE649 /* ApplePS2Controller.cpp */ = {isa = PBXFileReference; fileEncoding = 4; lastKnownFileType = sourcecode.cpp.cpp; path = ApplePS2Controller.cpp; sourceTree = "<group>"; };
		1F58BF03212F7AD8000BE649 /* ApplePS2KeyboardDevice.h */ = {isa = PBXFileReference; fileEncoding = 4; lastKnownFileType = sourcecode.c.h; path = ApplePS2KeyboardDevice.h; sourceTree = "<group>"; };
		1F58BF04212F7AD8000BE649 /* ApplePS2MouseDevice.cpp */ = {isa = PBXFileReference; fileEncoding = 4; lastKnownFileType = sourcecode.cpp.cpp; path = ApplePS2MouseDevice.cpp; sourceTree = "<group>"; };
		1F58BF05212F7AD8000BE649 /* ApplePS2Controller.h */ = {isa = PBXFileReference; fileEncoding = 4; lastKnownFileType = sourcecode.c.h; path = ApplePS2Controller.h; sourceTree = "<group>"; };
		1F58BF06212F7AD8000BE649 /* ApplePS2Device.h */ = {isa = PBXFileReference; fileEncoding = 4; lastKnownFileType = sourcecode.c.h; path = ApplePS2Device.h; sourceTree = "<group>"; };
		1F58BF09212F7AD9000BE649 /* English */ = {isa = PBXFileReference; lastKnownFileType = text.plist.strings; name = English; path = InfoPlist.strings; sourceTree = "<group>"; };
		1F58BF12212F7B2A000BE649 /* Info.plist */ = {isa = PBXFileReference; fileEncoding = 4; lastKnownFileType = text.plist.xml; path = Info.plist; sourceTree = "<group>"; };
/* End PBXFileReference section */

/* Begin PBXFrameworksBuildPhase section */
		1F3A664D212F7A9300C17787 /* Frameworks */ = {
			isa = PBXFrameworksBuildPhase;
			buildActionMask = 2147483647;
			files = (
			);
			runOnlyForDeploymentPostprocessing = 0;
		};
/* End PBXFrameworksBuildPhase section */

/* Begin PBXGroup section */
		1F3A6647212F7A9300C17787 = {
			isa = PBXGroup;
			children = (
				1F58BF05212F7AD8000BE649 /* ApplePS2Controller.h */,
				1F58BF02212F7AD8000BE649 /* ApplePS2Controller.cpp */,
				1F58BF06212F7AD8000BE649 /* ApplePS2Device.h */,
				1F58BF03212F7AD8000BE649 /* ApplePS2KeyboardDevice.h */,
				1F58BF00212F7AD8000BE649 /* ApplePS2KeyboardDevice.cpp */,
				1F58BF01212F7AD8000BE649 /* ApplePS2MouseDevice.h */,
				1F58BF04212F7AD8000BE649 /* ApplePS2MouseDevice.cpp */,
				1F58BF12212F7B2A000BE649 /* Info.plist */,
				1F58BF07212F7AD9000BE649 /* English.lproj */,
				1F3A6652212F7A9300C17787 /* Products */,
			);
			sourceTree = "<group>";
		};
		1F3A6652212F7A9300C17787 /* Products */ = {
			isa = PBXGroup;
			children = (
				1F3A6651212F7A9300C17787 /* ApplePS2Controller.kext */,
			);
			name = Products;
			sourceTree = "<group>";
		};
		1F58BF07212F7AD9000BE649 /* English.lproj */ = {
			isa = PBXGroup;
			children = (
				1F58BF08212F7AD9000BE649 /* InfoPlist.strings */,
			);
			path = English.lproj;
			sourceTree = "<group>";
		};
/* End PBXGroup section */

/* Begin PBXHeadersBuildPhase section */
		1F3A664E212F7A9300C17787 /* Headers */ = {
			isa = PBXHeadersBuildPhase;
			buildActionMask = 2147483647;
			files = (
				1F58BF0D212F7AD9000BE649 /* ApplePS2KeyboardDevice.h in Headers */,
				1F58BF10212F7AD9000BE649 /* ApplePS2Device.h in Headers */,
				1F58BF0F212F7AD9000BE649 /* ApplePS2Controller.h in Headers */,
				1F58BF0B212F7AD9000BE649 /* ApplePS2MouseDevice.h in Headers */,
			);
			runOnlyForDeploymentPostprocessing = 0;
		};
/* End PBXHeadersBuildPhase section */

/* Begin PBXNativeTarget section */
		1F3A6650212F7A9300C17787 /* ApplePS2Controller */ = {
			isa = PBXNativeTarget;
			buildConfigurationList = 1F3A665B212F7A9300C17787 /* Build configuration list for PBXNativeTarget "ApplePS2Controller" */;
			buildPhases = (
				1F3A664C212F7A9300C17787 /* Sources */,
				1F3A664D212F7A9300C17787 /* Frameworks */,
				1F3A664E212F7A9300C17787 /* Headers */,
				1F3A664F212F7A9300C17787 /* Resources */,
			);
			buildRules = (
			);
			dependencies = (
			);
			name = ApplePS2Controller;
			productName = ApplePS2Controller;
			productReference = 1F3A6651212F7A9300C17787 /* ApplePS2Controller.kext */;
			productType = "com.apple.product-type.kernel-extension";
		};
/* End PBXNativeTarget section */

/* Begin PBXProject section */
		1F3A6648212F7A9300C17787 /* Project object */ = {
			isa = PBXProject;
			attributes = {
				LastUpgradeCheck = 0940;
				ORGANIZATIONNAME = PureDarwin;
				TargetAttributes = {
					1F3A6650212F7A9300C17787 = {
						CreatedOnToolsVersion = 9.4.1;
					};
				};
			};
			buildConfigurationList = 1F3A664B212F7A9300C17787 /* Build configuration list for PBXProject "ApplePS2Controller" */;
			compatibilityVersion = "Xcode 9.3";
			developmentRegion = en;
			hasScannedForEncodings = 0;
			knownRegions = (
				en,
				English,
			);
			mainGroup = 1F3A6647212F7A9300C17787;
			productRefGroup = 1F3A6652212F7A9300C17787 /* Products */;
			projectDirPath = "";
			projectRoot = "";
			targets = (
				1F3A6650212F7A9300C17787 /* ApplePS2Controller */,
			);
		};
/* End PBXProject section */

/* Begin PBXResourcesBuildPhase section */
		1F3A664F212F7A9300C17787 /* Resources */ = {
			isa = PBXResourcesBuildPhase;
			buildActionMask = 2147483647;
			files = (
				1F58BF11212F7AD9000BE649 /* InfoPlist.strings in Resources */,
			);
			runOnlyForDeploymentPostprocessing = 0;
		};
/* End PBXResourcesBuildPhase section */

/* Begin PBXSourcesBuildPhase section */
		1F3A664C212F7A9300C17787 /* Sources */ = {
			isa = PBXSourcesBuildPhase;
			buildActionMask = 2147483647;
			files = (
				1F58BF0C212F7AD9000BE649 /* ApplePS2Controller.cpp in Sources */,
				1F58BF0E212F7AD9000BE649 /* ApplePS2MouseDevice.cpp in Sources */,
				1F58BF0A212F7AD9000BE649 /* ApplePS2KeyboardDevice.cpp in Sources */,
			);
			runOnlyForDeploymentPostprocessing = 0;
		};
/* End PBXSourcesBuildPhase section */

/* Begin PBXVariantGroup section */
		1F58BF08212F7AD9000BE649 /* InfoPlist.strings */ = {
			isa = PBXVariantGroup;
			children = (
				1F58BF09212F7AD9000BE649 /* English */,
			);
			name = InfoPlist.strings;
			sourceTree = "<group>";
		};
/* End PBXVariantGroup section */

/* Begin XCBuildConfiguration section */
		1F3A6659212F7A9300C17787 /* Debug */ = {
			isa = XCBuildConfiguration;
			buildSettings = {
				ALWAYS_SEARCH_USER_PATHS = NO;
				CLANG_ANALYZER_NONNULL = YES;
				CLANG_ANALYZER_NUMBER_OBJECT_CONVERSION = YES_AGGRESSIVE;
				CLANG_CXX_LANGUAGE_STANDARD = "gnu++14";
				CLANG_CXX_LIBRARY = "libc++";
				CLANG_ENABLE_MODULES = YES;
				CLANG_ENABLE_OBJC_ARC = YES;
				CLANG_ENABLE_OBJC_WEAK = YES;
				CLANG_WARN_BLOCK_CAPTURE_AUTORELEASING = YES;
				CLANG_WARN_BOOL_CONVERSION = YES;
				CLANG_WARN_COMMA = YES;
				CLANG_WARN_CONSTANT_CONVERSION = YES;
				CLANG_WARN_DEPRECATED_OBJC_IMPLEMENTATIONS = YES;
				CLANG_WARN_DIRECT_OBJC_ISA_USAGE = YES_ERROR;
				CLANG_WARN_DOCUMENTATION_COMMENTS = YES;
				CLANG_WARN_EMPTY_BODY = YES;
				CLANG_WARN_ENUM_CONVERSION = YES;
				CLANG_WARN_INFINITE_RECURSION = YES;
				CLANG_WARN_INT_CONVERSION = YES;
				CLANG_WARN_NON_LITERAL_NULL_CONVERSION = YES;
				CLANG_WARN_OBJC_IMPLICIT_RETAIN_SELF = YES;
				CLANG_WARN_OBJC_LITERAL_CONVERSION = YES;
				CLANG_WARN_OBJC_ROOT_CLASS = YES_ERROR;
				CLANG_WARN_RANGE_LOOP_ANALYSIS = YES;
				CLANG_WARN_STRICT_PROTOTYPES = YES;
				CLANG_WARN_SUSPICIOUS_MOVE = YES;
				CLANG_WARN_UNGUARDED_AVAILABILITY = YES_AGGRESSIVE;
				CLANG_WARN_UNREACHABLE_CODE = YES;
				CLANG_WARN__DUPLICATE_METHOD_MATCH = YES;
				CODE_SIGN_IDENTITY = "Mac Developer";
				COPY_PHASE_STRIP = NO;
				DEBUG_INFORMATION_FORMAT = dwarf;
				ENABLE_STRICT_OBJC_MSGSEND = YES;
				ENABLE_TESTABILITY = YES;
				GCC_C_LANGUAGE_STANDARD = gnu11;
				GCC_DYNAMIC_NO_PIC = NO;
				GCC_NO_COMMON_BLOCKS = YES;
				GCC_OPTIMIZATION_LEVEL = 0;
				GCC_PREPROCESSOR_DEFINITIONS = (
					"DEBUG=1",
					"$(inherited)",
				);
				GCC_WARN_64_TO_32_BIT_CONVERSION = YES;
				GCC_WARN_ABOUT_RETURN_TYPE = YES_ERROR;
				GCC_WARN_UNDECLARED_SELECTOR = YES;
				GCC_WARN_UNINITIALIZED_AUTOS = YES_AGGRESSIVE;
				GCC_WARN_UNUSED_FUNCTION = YES;
				GCC_WARN_UNUSED_VARIABLE = YES;
				MACOSX_DEPLOYMENT_TARGET = 10.13;
				MTL_ENABLE_DEBUG_INFO = YES;
				ONLY_ACTIVE_ARCH = YES;
				SDKROOT = macosx;
			};
			name = Debug;
		};
		1F3A665A212F7A9300C17787 /* Release */ = {
			isa = XCBuildConfiguration;
			buildSettings = {
				ALWAYS_SEARCH_USER_PATHS = NO;
				CLANG_ANALYZER_NONNULL = YES;
				CLANG_ANALYZER_NUMBER_OBJECT_CONVERSION = YES_AGGRESSIVE;
				CLANG_CXX_LANGUAGE_STANDARD = "gnu++14";
				CLANG_CXX_LIBRARY = "libc++";
				CLANG_ENABLE_MODULES = YES;
				CLANG_ENABLE_OBJC_ARC = YES;
				CLANG_ENABLE_OBJC_WEAK = YES;
				CLANG_WARN_BLOCK_CAPTURE_AUTORELEASING = YES;
				CLANG_WARN_BOOL_CONVERSION = YES;
				CLANG_WARN_COMMA = YES;
				CLANG_WARN_CONSTANT_CONVERSION = YES;
				CLANG_WARN_DEPRECATED_OBJC_IMPLEMENTATIONS = YES;
				CLANG_WARN_DIRECT_OBJC_ISA_USAGE = YES_ERROR;
				CLANG_WARN_DOCUMENTATION_COMMENTS = YES;
				CLANG_WARN_EMPTY_BODY = YES;
				CLANG_WARN_ENUM_CONVERSION = YES;
				CLANG_WARN_INFINITE_RECURSION = YES;
				CLANG_WARN_INT_CONVERSION = YES;
				CLANG_WARN_NON_LITERAL_NULL_CONVERSION = YES;
				CLANG_WARN_OBJC_IMPLICIT_RETAIN_SELF = YES;
				CLANG_WARN_OBJC_LITERAL_CONVERSION = YES;
				CLANG_WARN_OBJC_ROOT_CLASS = YES_ERROR;
				CLANG_WARN_RANGE_LOOP_ANALYSIS = YES;
				CLANG_WARN_STRICT_PROTOTYPES = YES;
				CLANG_WARN_SUSPICIOUS_MOVE = YES;
				CLANG_WARN_UNGUARDED_AVAILABILITY = YES_AGGRESSIVE;
				CLANG_WARN_UNREACHABLE_CODE = YES;
				CLANG_WARN__DUPLICATE_METHOD_MATCH = YES;
				CODE_SIGN_IDENTITY = "Mac Developer";
				COPY_PHASE_STRIP = NO;
				DEBUG_INFORMATION_FORMAT = "dwarf-with-dsym";
				ENABLE_NS_ASSERTIONS = NO;
				ENABLE_STRICT_OBJC_MSGSEND = YES;
				GCC_C_LANGUAGE_STANDARD = gnu11;
				GCC_NO_COMMON_BLOCKS = YES;
				GCC_WARN_64_TO_32_BIT_CONVERSION = YES;
				GCC_WARN_ABOUT_RETURN_TYPE = YES_ERROR;
				GCC_WARN_UNDECLARED_SELECTOR = YES;
				GCC_WARN_UNINITIALIZED_AUTOS = YES_AGGRESSIVE;
				GCC_WARN_UNUSED_FUNCTION = YES;
				GCC_WARN_UNUSED_VARIABLE = YES;
				MACOSX_DEPLOYMENT_TARGET = 10.13;
				MTL_ENABLE_DEBUG_INFO = NO;
				SDKROOT = macosx;
			};
			name = Release;
		};
		1F3A665C212F7A9300C17787 /* Debug */ = {
			isa = XCBuildConfiguration;
			buildSettings = {
				CODE_SIGN_STYLE = Automatic;
				COMBINE_HIDPI_IMAGES = YES;
				CURRENT_PROJECT_VERSION = 1.0.0d1;
				DEVELOPMENT_TEAM = 3P242C9ES5;
				INFOPLIST_FILE = "$(SRCROOT)/Info.plist";
				MODULE_NAME = org.puredarwin.ApplePS2Controller;
				MODULE_VERSION = 1.0.0d1;
				PRODUCT_BUNDLE_IDENTIFIER = org.puredarwin.ApplePS2Controller;
				PRODUCT_NAME = "$(TARGET_NAME)";
				WRAPPER_EXTENSION = kext;
			};
			name = Debug;
		};
		1F3A665D212F7A9300C17787 /* Release */ = {
			isa = XCBuildConfiguration;
			buildSettings = {
				CODE_SIGN_STYLE = Automatic;
				COMBINE_HIDPI_IMAGES = YES;
				CURRENT_PROJECT_VERSION = 1.0.0d1;
				DEVELOPMENT_TEAM = 3P242C9ES5;
				INFOPLIST_FILE = "$(SRCROOT)/Info.plist";
				MODULE_NAME = org.puredarwin.ApplePS2Controller;
				MODULE_VERSION = 1.0.0d1;
				PRODUCT_BUNDLE_IDENTIFIER = org.puredarwin.ApplePS2Controller;
				PRODUCT_NAME = "$(TARGET_NAME)";
				WRAPPER_EXTENSION = kext;
			};
			name = Release;
		};
/* End XCBuildConfiguration section */

/* Begin XCConfigurationList section */
		1F3A664B212F7A9300C17787 /* Build configuration list for PBXProject "ApplePS2Controller" */ = {
			isa = XCConfigurationList;
			buildConfigurations = (
				1F3A6659212F7A9300C17787 /* Debug */,
				1F3A665A212F7A9300C17787 /* Release */,
			);
			defaultConfigurationIsVisible = 0;
			defaultConfigurationName = Release;
		};
		1F3A665B212F7A9300C17787 /* Build configuration list for PBXNativeTarget "ApplePS2Controller" */ = {
			isa = XCConfigurationList;
			buildConfigurations = (
				1F3A665C212F7A9300C17787 /* Debug */,
				1F3A665D212F7A9300C17787 /* Release */,
			);
			defaultConfigurationIsVisible = 0;
			defaultConfigurationName = Release;
		};
/* End XCConfigurationList section */
	};
	rootObject = 1F3A6648212F7A9300C17787 /* Project object */;
}
